
Microsoft Visual Studio Solution File, Format Version 12.00
# Visual Studio Version 16
VisualStudioVersion = 16.0.30717.126
MinimumVisualStudioVersion = 10.0.40219.1
Project("{FAE04EC0-301F-11D3-BF4B-00C04F79EFBC}") = "lab6.Task1", "lab6.Task1\lab6.Task1.csproj", "{61842330-46F9-4712-8F0D-CD7737A0E997}"
EndProject
Project("{FAE04EC0-301F-11D3-BF4B-00C04F79EFBC}") = "lab6.BL", "lab6.BL\lab6.BL.csproj", "{6EFAAA3E-1A17-4B61-ACA4-D7350BFCED81}"
EndProject
Project("{FAE04EC0-301F-11D3-BF4B-00C04F79EFBC}") = "lab6.Task2", "lab6.Task2\lab6.Task2.csproj", "{D77BF7AD-8FDD-40B4-B304-C571D04BB43A}"
EndProject
Project("{FAE04EC0-301F-11D3-BF4B-00C04F79EFBC}") = "lab5.BL", "lab5.BL\lab5.BL.csproj", "{C6FA8AF8-03B5-4DA1-903F-956CC0B73676}"
EndProject
Project("{FAE04EC0-301F-11D3-BF4B-00C04F79EFBC}") = "lab5.Task1", "lab5.Task1\lab5.Task1.csproj", "{331B1D24-0D59-40E2-8794-17A56CAA054A}"
EndProject
Project("{FAE04EC0-301F-11D3-BF4B-00C04F79EFBC}") = "lab5.Task2", "lab5.Task2\lab5.Task2.csproj", "{CF066264-CDFD-4597-99AB-05D50823FC46}"
EndProject
Project("{FAE04EC0-301F-11D3-BF4B-00C04F79EFBC}") = "lab5.Task3", "lab5.Task3\lab5.Task3.csproj", "{8A0CE1F1-312A-4D52-B2BE-8D96B5D55FED}"
EndProject
Global
	GlobalSection(SolutionConfigurationPlatforms) = preSolution
		Debug|Any CPU = Debug|Any CPU
		Release|Any CPU = Release|Any CPU
	EndGlobalSection
	GlobalSection(ProjectConfigurationPlatforms) = postSolution
		{61842330-46F9-4712-8F0D-CD7737A0E997}.Debug|Any CPU.ActiveCfg = Debug|Any CPU
		{61842330-46F9-4712-8F0D-CD7737A0E997}.Debug|Any CPU.Build.0 = Debug|Any CPU
		{61842330-46F9-4712-8F0D-CD7737A0E997}.Release|Any CPU.ActiveCfg = Release|Any CPU
		{61842330-46F9-4712-8F0D-CD7737A0E997}.Release|Any CPU.Build.0 = Release|Any CPU
		{6EFAAA3E-1A17-4B61-ACA4-D7350BFCED81}.Debug|Any CPU.ActiveCfg = Debug|Any CPU
		{6EFAAA3E-1A17-4B61-ACA4-D7350BFCED81}.Debug|Any CPU.Build.0 = Debug|Any CPU
		{6EFAAA3E-1A17-4B61-ACA4-D7350BFCED81}.Release|Any CPU.ActiveCfg = Release|Any CPU
		{6EFAAA3E-1A17-4B61-ACA4-D7350BFCED81}.Release|Any CPU.Build.0 = Release|Any CPU
		{D77BF7AD-8FDD-40B4-B304-C571D04BB43A}.Debug|Any CPU.ActiveCfg = Debug|Any CPU
		{D77BF7AD-8FDD-40B4-B304-C571D04BB43A}.Debug|Any CPU.Build.0 = Debug|Any CPU
		{D77BF7AD-8FDD-40B4-B304-C571D04BB43A}.Release|Any CPU.ActiveCfg = Release|Any CPU
		{D77BF7AD-8FDD-40B4-B304-C571D04BB43A}.Release|Any CPU.Build.0 = Release|Any CPU
		{C6FA8AF8-03B5-4DA1-903F-956CC0B73676}.Debug|Any CPU.ActiveCfg = Debug|Any CPU
		{C6FA8AF8-03B5-4DA1-903F-956CC0B73676}.Debug|Any CPU.Build.0 = Debug|Any CPU
		{C6FA8AF8-03B5-4DA1-903F-956CC0B73676}.Release|Any CPU.ActiveCfg = Release|Any CPU
		{C6FA8AF8-03B5-4DA1-903F-956CC0B73676}.Release|Any CPU.Build.0 = Release|Any CPU
		{331B1D24-0D59-40E2-8794-17A56CAA054A}.Debug|Any CPU.ActiveCfg = Debug|Any CPU
		{331B1D24-0D59-40E2-8794-17A56CAA054A}.Debug|Any CPU.Build.0 = Debug|Any CPU
		{331B1D24-0D59-40E2-8794-17A56CAA054A}.Release|Any CPU.ActiveCfg = Release|Any CPU
		{331B1D24-0D59-40E2-8794-17A56CAA054A}.Release|Any CPU.Build.0 = Release|Any CPU
		{CF066264-CDFD-4597-99AB-05D50823FC46}.Debug|Any CPU.ActiveCfg = Debug|Any CPU
		{CF066264-CDFD-4597-99AB-05D50823FC46}.Debug|Any CPU.Build.0 = Debug|Any CPU
		{CF066264-CDFD-4597-99AB-05D50823FC46}.Release|Any CPU.ActiveCfg = Release|Any CPU
		{CF066264-CDFD-4597-99AB-05D50823FC46}.Release|Any CPU.Build.0 = Release|Any CPU
		{8A0CE1F1-312A-4D52-B2BE-8D96B5D55FED}.Debug|Any CPU.ActiveCfg = Debug|Any CPU
		{8A0CE1F1-312A-4D52-B2BE-8D96B5D55FED}.Debug|Any CPU.Build.0 = Debug|Any CPU
		{8A0CE1F1-312A-4D52-B2BE-8D96B5D55FED}.Release|Any CPU.ActiveCfg = Release|Any CPU
		{8A0CE1F1-312A-4D52-B2BE-8D96B5D55FED}.Release|Any CPU.Build.0 = Release|Any CPU
	EndGlobalSection
	GlobalSection(SolutionProperties) = preSolution
		HideSolutionNode = FALSE
	EndGlobalSection
	GlobalSection(ExtensibilityGlobals) = postSolution
		SolutionGuid = {0F10F563-532E-4B23-A946-BFEAB9D1E212}
	EndGlobalSection
EndGlobal
